
Microsoft Visual Studio Solution File, Format Version 12.00
# Visual Studio 2013
VisualStudioVersion = 12.0.30501.0
MinimumVisualStudioVersion = 10.0.40219.1
Project("{FAE04EC0-301F-11D3-BF4B-00C04F79EFBC}") = "ProductService", "ProductService\ProductService.csproj", "{F9B01754-2526-4ECE-8CE7-89846FB68D12}"
EndProject
Project("{FAE04EC0-301F-11D3-BF4B-00C04F79EFBC}") = "ProductApp", "ProductApp\ProductApp.csproj", "{CA83E5E9-0B97-471E-9A25-BA643F38ED07}"
EndProject
Global
	GlobalSection(SolutionConfigurationPlatforms) = preSolution
		Debug|Any CPU = Debug|Any CPU
		Release|Any CPU = Release|Any CPU
	EndGlobalSection
	GlobalSection(ProjectConfigurationPlatforms) = postSolution
		{F9B01754-2526-4ECE-8CE7-89846FB68D12}.Debug|Any CPU.ActiveCfg = Debug|Any CPU
		{F9B01754-2526-4ECE-8CE7-89846FB68D12}.Debug|Any CPU.Build.0 = Debug|Any CPU
		{F9B01754-2526-4ECE-8CE7-89846FB68D12}.Release|Any CPU.ActiveCfg = Release|Any CPU
		{F9B01754-2526-4ECE-8CE7-89846FB68D12}.Release|Any CPU.Build.0 = Release|Any CPU
		{CA83E5E9-0B97-471E-9A25-BA643F38ED07}.Debug|Any CPU.ActiveCfg = Debug|Any CPU
		{CA83E5E9-0B97-471E-9A25-BA643F38ED07}.Debug|Any CPU.Build.0 = Debug|Any CPU
		{CA83E5E9-0B97-471E-9A25-BA643F38ED07}.Release|Any CPU.ActiveCfg = Release|Any CPU
		{CA83E5E9-0B97-471E-9A25-BA643F38ED07}.Release|Any CPU.Build.0 = Release|Any CPU
	EndGlobalSection
	GlobalSection(SolutionProperties) = preSolution
		HideSolutionNode = FALSE
	EndGlobalSection
EndGlobal
